
Microsoft Visual Studio Solution File, Format Version 12.00
# Visual Studio 15
VisualStudioVersion = 15.0.28307.757
MinimumVisualStudioVersion = 10.0.40219.1
Project("{FAE04EC0-301F-11D3-BF4B-00C04F79EFBC}") = "rits-nuget-dotnet", "rits-nuget-dotnet\rits-nuget-dotnet.csproj", "{969610A3-A5D2-4789-8FAE-2F35713DCA12}"
EndProject
Global
	GlobalSection(SolutionConfigurationPlatforms) = preSolution
		Debug|Any CPU = Debug|Any CPU
		Release|Any CPU = Release|Any CPU
	EndGlobalSection
	GlobalSection(ProjectConfigurationPlatforms) = postSolution
		{969610A3-A5D2-4789-8FAE-2F35713DCA12}.Debug|Any CPU.ActiveCfg = Debug|Any CPU
		{969610A3-A5D2-4789-8FAE-2F35713DCA12}.Debug|Any CPU.Build.0 = Debug|Any CPU
		{969610A3-A5D2-4789-8FAE-2F35713DCA12}.Release|Any CPU.ActiveCfg = Release|Any CPU
		{969610A3-A5D2-4789-8FAE-2F35713DCA12}.Release|Any CPU.Build.0 = Release|Any CPU
	EndGlobalSection
	GlobalSection(SolutionProperties) = preSolution
		HideSolutionNode = FALSE
	EndGlobalSection
	GlobalSection(ExtensibilityGlobals) = postSolution
		SolutionGuid = {A475C451-8885-42EB-B4C2-E18BF228CDE2}
	EndGlobalSection
EndGlobal
